
Microsoft Visual Studio Solution File, Format Version 12.00
# Visual Studio 14
VisualStudioVersion = 14.0.25123.0
MinimumVisualStudioVersion = 10.0.40219.1
Project("{2150E333-8FDC-42A3-9474-1A3956D46DE8}") = "00 Common", "00 Common", "{6208FE39-D315-466F-A8FA-0AF16A05791F}"
EndProject
Project("{2150E333-8FDC-42A3-9474-1A3956D46DE8}") = "02 DataAccess", "02 DataAccess", "{178005EB-1720-4B79-9B26-C05BB4CEAB24}"
EndProject
Project("{2150E333-8FDC-42A3-9474-1A3956D46DE8}") = "03 BusnissLogic", "03 BusnissLogic", "{FEB3E49E-F180-42E3-BA5F-55109095599E}"
EndProject
Project("{2150E333-8FDC-42A3-9474-1A3956D46DE8}") = "04 Service", "04 Service", "{F60E4C99-D945-4509-8D0C-8CD9A343C252}"
EndProject
Project("{2150E333-8FDC-42A3-9474-1A3956D46DE8}") = "05 UI", "05 UI", "{CE92075C-2999-45EE-A3C6-2BFAEDD7E562}"
EndProject
Project("{8BB2217D-0F2D-49D1-97BC-3654ED321F3B}") = "Ak.Projects.UI.Admin", "Ak.Projects.UI.Admin\Ak.Projects.UI.Admin.xproj", "{4A6ADFE3-A10B-40A9-BB7B-1422A8155DF9}"
EndProject
Project("{8BB2217D-0F2D-49D1-97BC-3654ED321F3B}") = "Ak.Projects.UI.Portal", "Ak.Projects.UI.Portal\Ak.Projects.UI.Portal.xproj", "{DC22BC00-BD74-4F34-B5DF-7ED78670A017}"
EndProject
Project("{2150E333-8FDC-42A3-9474-1A3956D46DE8}") = "01 Entities", "01 Entities", "{E6C5552B-E0F4-4E6E-B640-C5EFF0423723}"
EndProject
Project("{8BB2217D-0F2D-49D1-97BC-3654ED321F3B}") = "Ak.Projects.DataAccess", "Ak.Projects.DataAccess\Ak.Projects.DataAccess.xproj", "{C332F73B-5305-43B2-BF17-9BF85583EFF8}"
EndProject
Project("{8BB2217D-0F2D-49D1-97BC-3654ED321F3B}") = "Ak.Projects.BusnissLogic", "Ak.Projects.BusnissLogic\Ak.Projects.BusnissLogic.xproj", "{9E164EE8-E072-455C-9825-4D4BF7C89574}"
EndProject
Project("{8BB2217D-0F2D-49D1-97BC-3654ED321F3B}") = "Ak.Projects.Service", "Ak.Projects.Service\Ak.Projects.Service.xproj", "{2C5D8350-0259-4A15-AB20-9AA10507D497}"
EndProject
Project("{8BB2217D-0F2D-49D1-97BC-3654ED321F3B}") = "Ak.Projects.Entities", "Ak.Projects.Entities\Ak.Projects.Entities.xproj", "{6178523F-0382-4FCC-8B97-57F00FBBE72C}"
EndProject
Project("{8BB2217D-0F2D-49D1-97BC-3654ED321F3B}") = "Ak.Projects.Common", "Ak.Projects.Common\Ak.Projects.Common.xproj", "{9340BF71-714A-4BF6-B76B-860739922C20}"
EndProject
Project("{8BB2217D-0F2D-49D1-97BC-3654ED321F3B}") = "Ak.Projects.Common.Redis", "Ak.Projects.Common.Redis\Ak.Projects.Common.Redis.xproj", "{E04C22AA-125C-4C1F-9988-F7F3EDA0B2E1}"
EndProject
Project("{8BB2217D-0F2D-49D1-97BC-3654ED321F3B}") = "Ak.Projects.Common.RabbitMq", "Ak.Projects.Common.RabbitMq\Ak.Projects.Common.RabbitMq.xproj", "{54276137-7161-4170-96F3-2B8C7D9F712A}"
EndProject
Global
	GlobalSection(SolutionConfigurationPlatforms) = preSolution
		Debug|Any CPU = Debug|Any CPU
		Release|Any CPU = Release|Any CPU
	EndGlobalSection
	GlobalSection(ProjectConfigurationPlatforms) = postSolution
		{4A6ADFE3-A10B-40A9-BB7B-1422A8155DF9}.Debug|Any CPU.ActiveCfg = Debug|Any CPU
		{4A6ADFE3-A10B-40A9-BB7B-1422A8155DF9}.Debug|Any CPU.Build.0 = Debug|Any CPU
		{4A6ADFE3-A10B-40A9-BB7B-1422A8155DF9}.Release|Any CPU.ActiveCfg = Release|Any CPU
		{4A6ADFE3-A10B-40A9-BB7B-1422A8155DF9}.Release|Any CPU.Build.0 = Release|Any CPU
		{DC22BC00-BD74-4F34-B5DF-7ED78670A017}.Debug|Any CPU.ActiveCfg = Debug|Any CPU
		{DC22BC00-BD74-4F34-B5DF-7ED78670A017}.Debug|Any CPU.Build.0 = Debug|Any CPU
		{DC22BC00-BD74-4F34-B5DF-7ED78670A017}.Release|Any CPU.ActiveCfg = Release|Any CPU
		{DC22BC00-BD74-4F34-B5DF-7ED78670A017}.Release|Any CPU.Build.0 = Release|Any CPU
		{C332F73B-5305-43B2-BF17-9BF85583EFF8}.Debug|Any CPU.ActiveCfg = Debug|Any CPU
		{C332F73B-5305-43B2-BF17-9BF85583EFF8}.Debug|Any CPU.Build.0 = Debug|Any CPU
		{C332F73B-5305-43B2-BF17-9BF85583EFF8}.Release|Any CPU.ActiveCfg = Release|Any CPU
		{C332F73B-5305-43B2-BF17-9BF85583EFF8}.Release|Any CPU.Build.0 = Release|Any CPU
		{9E164EE8-E072-455C-9825-4D4BF7C89574}.Debug|Any CPU.ActiveCfg = Debug|Any CPU
		{9E164EE8-E072-455C-9825-4D4BF7C89574}.Debug|Any CPU.Build.0 = Debug|Any CPU
		{9E164EE8-E072-455C-9825-4D4BF7C89574}.Release|Any CPU.ActiveCfg = Release|Any CPU
		{9E164EE8-E072-455C-9825-4D4BF7C89574}.Release|Any CPU.Build.0 = Release|Any CPU
		{2C5D8350-0259-4A15-AB20-9AA10507D497}.Debug|Any CPU.ActiveCfg = Debug|Any CPU
		{2C5D8350-0259-4A15-AB20-9AA10507D497}.Debug|Any CPU.Build.0 = Debug|Any CPU
		{2C5D8350-0259-4A15-AB20-9AA10507D497}.Release|Any CPU.ActiveCfg = Release|Any CPU
		{2C5D8350-0259-4A15-AB20-9AA10507D497}.Release|Any CPU.Build.0 = Release|Any CPU
		{6178523F-0382-4FCC-8B97-57F00FBBE72C}.Debug|Any CPU.ActiveCfg = Debug|Any CPU
		{6178523F-0382-4FCC-8B97-57F00FBBE72C}.Debug|Any CPU.Build.0 = Debug|Any CPU
		{6178523F-0382-4FCC-8B97-57F00FBBE72C}.Release|Any CPU.ActiveCfg = Release|Any CPU
		{6178523F-0382-4FCC-8B97-57F00FBBE72C}.Release|Any CPU.Build.0 = Release|Any CPU
		{9340BF71-714A-4BF6-B76B-860739922C20}.Debug|Any CPU.ActiveCfg = Debug|Any CPU
		{9340BF71-714A-4BF6-B76B-860739922C20}.Debug|Any CPU.Build.0 = Debug|Any CPU
		{9340BF71-714A-4BF6-B76B-860739922C20}.Release|Any CPU.ActiveCfg = Release|Any CPU
		{9340BF71-714A-4BF6-B76B-860739922C20}.Release|Any CPU.Build.0 = Release|Any CPU
		{E04C22AA-125C-4C1F-9988-F7F3EDA0B2E1}.Debug|Any CPU.ActiveCfg = Debug|Any CPU
		{E04C22AA-125C-4C1F-9988-F7F3EDA0B2E1}.Debug|Any CPU.Build.0 = Debug|Any CPU
		{E04C22AA-125C-4C1F-9988-F7F3EDA0B2E1}.Release|Any CPU.ActiveCfg = Release|Any CPU
		{E04C22AA-125C-4C1F-9988-F7F3EDA0B2E1}.Release|Any CPU.Build.0 = Release|Any CPU
		{54276137-7161-4170-96F3-2B8C7D9F712A}.Debug|Any CPU.ActiveCfg = Debug|Any CPU
		{54276137-7161-4170-96F3-2B8C7D9F712A}.Debug|Any CPU.Build.0 = Debug|Any CPU
		{54276137-7161-4170-96F3-2B8C7D9F712A}.Release|Any CPU.ActiveCfg = Release|Any CPU
		{54276137-7161-4170-96F3-2B8C7D9F712A}.Release|Any CPU.Build.0 = Release|Any CPU
	EndGlobalSection
	GlobalSection(SolutionProperties) = preSolution
		HideSolutionNode = FALSE
	EndGlobalSection
	GlobalSection(NestedProjects) = preSolution
		{4A6ADFE3-A10B-40A9-BB7B-1422A8155DF9} = {CE92075C-2999-45EE-A3C6-2BFAEDD7E562}
		{DC22BC00-BD74-4F34-B5DF-7ED78670A017} = {CE92075C-2999-45EE-A3C6-2BFAEDD7E562}
		{C332F73B-5305-43B2-BF17-9BF85583EFF8} = {178005EB-1720-4B79-9B26-C05BB4CEAB24}
		{9E164EE8-E072-455C-9825-4D4BF7C89574} = {FEB3E49E-F180-42E3-BA5F-55109095599E}
		{2C5D8350-0259-4A15-AB20-9AA10507D497} = {F60E4C99-D945-4509-8D0C-8CD9A343C252}
		{6178523F-0382-4FCC-8B97-57F00FBBE72C} = {E6C5552B-E0F4-4E6E-B640-C5EFF0423723}
		{9340BF71-714A-4BF6-B76B-860739922C20} = {6208FE39-D315-466F-A8FA-0AF16A05791F}
		{E04C22AA-125C-4C1F-9988-F7F3EDA0B2E1} = {6208FE39-D315-466F-A8FA-0AF16A05791F}
		{54276137-7161-4170-96F3-2B8C7D9F712A} = {6208FE39-D315-466F-A8FA-0AF16A05791F}
	EndGlobalSection
EndGlobal
